
Microsoft Visual Studio Solution File, Format Version 12.00
# Visual Studio Version 17
VisualStudioVersion = 17.8.34330.188
MinimumVisualStudioVersion = 10.0.40219.1
Project("{FAE04EC0-301F-11D3-BF4B-00C04F79EFBC}") = "GBSharp", "GBSharp.csproj", "{0039CCC6-57E3-4726-93BD-9797C00A54C9}"
EndProject
Global
	GlobalSection(SolutionConfigurationPlatforms) = preSolution
		Debug|Any CPU = Debug|Any CPU
		Release|Any CPU = Release|Any CPU
	EndGlobalSection
	GlobalSection(ProjectConfigurationPlatforms) = postSolution
		{0039CCC6-57E3-4726-93BD-9797C00A54C9}.Debug|Any CPU.ActiveCfg = Debug|Any CPU
		{0039CCC6-57E3-4726-93BD-9797C00A54C9}.Debug|Any CPU.Build.0 = Debug|Any CPU
		{0039CCC6-57E3-4726-93BD-9797C00A54C9}.Release|Any CPU.ActiveCfg = Release|Any CPU
		{0039CCC6-57E3-4726-93BD-9797C00A54C9}.Release|Any CPU.Build.0 = Release|Any CPU
	EndGlobalSection
	GlobalSection(SolutionProperties) = preSolution
		HideSolutionNode = FALSE
	EndGlobalSection
	GlobalSection(ExtensibilityGlobals) = postSolution
		SolutionGuid = {D6B2E83E-0A1B-4DDE-B643-9AE586CFF057}
	EndGlobalSection
EndGlobal
